<Solution>
  <Folder Name="/clients/">
    <Project Path="Direct2dCad.Client.Common/Direct2dCad.Client.Common.csproj" Id="d3f18ae1-15bb-4994-bc9f-5d45016cd932" />
    <Project Path="Direct2dCad.Lang/Direct2dCad.Lang.csproj" Id="2c6d1214-aa4a-4bb0-9c67-cf2fe44a4a76" />
    <Project Path="Direct2dCad.ViewModels.Abstractions/Direct2dCad.ViewModels.Abstractions.csproj" />
    <Project Path="Direct2dCad.ViewModels.Services/Direct2dCad.ViewModels.Services.csproj" />
    <Project Path="Direct2dCad.ViewModels/Direct2dCad.ViewModels.csproj" Id="c520de91-89cf-43ce-a51d-cf32f96f6b17" />
  </Folder>
  <Folder Name="/clients/avalonia/" />
  <Folder Name="/clients/wpf/">
    <Project Path="Direct2dCad.wpf.Controls/Direct2dCad.wpf.Controls.csproj" />
    <Project Path="Direct2dCad.wpf/Direct2dCad.wpf.csproj" />
  </Folder>
  <Folder Name="/Solution Items/">
    <File Path=".editorconfig" />
  </Folder>
  <Project Path="Direct2dCad.Commands/Direct2dCad.Commands.csproj" Id="135b8a89-715a-4c51-90bb-d7c5e3247ae0" />
  <Project Path="Direct2dCad.CommandLine/Direct2dCad.CommandLine.csproj" />
  <Project Path="Direct2dCad.ChangeTracking/Direct2dCad.ChangeTracking.csproj" Id="c04ae8fe-b095-4864-8d25-a3835c21a28a" />
  <Project Path="Direct2dCad.Db/Direct2dCad.Db.csproj" Id="b37bcda0-51d5-4cfb-a3ef-0e1799b2fa7f" />
  <Project Path="Direct2dCad.Rendering.Direct2D/Direct2dCad.Rendering.Direct2D.csproj" />
  <Project Path="Direct2dCad.Editor/Direct2dCad.Editor.csproj" Id="12d4350b-06b5-44be-9c28-df18cb074f94" />
  <Project Path="Direct2dCad.HitTesting/Direct2dCad.HitTesting.csproj" Id="09190792-15d8-45d0-b4ad-59f86670bc44" />
  <Project Path="Direct2dCad.Indexing/Direct2dCad.Indexing.csproj" Id="0f7665da-d78f-4509-8ac5-0586c4bba8e5" />
  <Project Path="Direct2dCad.IO/Direct2dCad.IO.csproj" Id="7dbc4bdc-984d-40e1-8d91-1608e5d4063b" />
  <Project Path="Direct2dCad.Ole.Windows/Direct2dCad.Ole.Windows.csproj" />
  <Project Path="Direct2dCad.Rendering/Direct2dCad.Rendering.csproj" Id="bee77e57-2e2a-4630-ab5f-2992297e8d65" />
  <Project Path="Direct2dCad.Rendering.Handles/Direct2dCad.Rendering.Handles.csproj" Id="47b6f8cb-5b5a-4e3d-b1cf-e363b033d539" />
  <Project Path="Direct2dCad.Rendering.Transient/Direct2dCad.Rendering.Transient.csproj" Id="9e748601-eafc-466f-9bc4-e7ff2a91d0ea" />
</Solution>
