{
  "version": 1,
  "dependencies": {
    "net10.0": {
      "Antelcat.I18N.SourceGenerators": {
        "type": "Direct",
        "requested": "[2.0.0-preview-2, )",
        "resolved": "2.0.0-preview-2",
        "contentHash": "xZo+iwketCNIjnDkPM1v1erAPBSMLMYn7ztr1VBjWLFGNdVTd3fYJ7rpuF5i5d0eYHr1ZOrIOay+qfkJrCKYPQ=="
      }
    }
  }
}