{
  "version": 1,
  "dependencies": {
    "net10.0": {
      "MessagePipe": {
        "type": "Direct",
        "requested": "[1.8.2, )",
        "resolved": "1.8.2",
        "contentHash": "ZTQERiwXB0ev/3TWDsKmzXOkxQ1a0fwcTljghSRZQq2hLUJ16SNw/gcjEjvyeKOX90DPkbV2sSv86aGb+2ryxQ==",
        "dependencies": {
          "Microsoft.Extensions.DependencyInjection.Abstractions": "6.0.0"
        }
      },
      "Antelcat.I18N.SourceGenerators": {
        "type": "Transitive",
        "resolved": "2.0.0-preview-2",
        "contentHash": "xZo+iwketCNIjnDkPM1v1erAPBSMLMYn7ztr1VBjWLFGNdVTd3fYJ7rpuF5i5d0eYHr1ZOrIOay+qfkJrCKYPQ=="
      },
      "MessagePack": {
        "type": "Transitive",
        "resolved": "3.1.8",
        "contentHash": "Qk2q+9FVxnMSp+NQ9y3SLz3HqWe7Rg3KRMHhBX28FkKUoOeP9YIU86mA4pFOxDDjUIRA9e7Ssbxs/LwWUcAzPw==",
        "dependencies": {
          "MessagePack.Annotations": "3.1.8",
          "MessagePackAnalyzer": "3.1.8",
          "Microsoft.NET.StringTools": "17.11.4"
        }
      },
      "MessagePack.Annotations": {
        "type": "Transitive",
        "resolved": "3.1.8",
        "contentHash": "SitOtZ4tOlAZZPF7p52M7143F+Cuz7o/aU0MrtAXX0+ZkPXzDNroOFhzzE2ogMFThsoEW/E6akXVVcBFM9ZKaw=="
      },
      "MessagePackAnalyzer": {
        "type": "Transitive",
        "resolved": "3.1.8",
        "contentHash": "Vm4g0cR4YRKRchEOmMJ0uVFU6yxdg7cJa2KHv3SUAHEsdYKvMpHMF5A1hZfsix89ymD5cmuzRnw9a6dKMcvq+Q=="
      },
      "Microsoft.Extensions.DependencyInjection.Abstractions": {
        "type": "Transitive",
        "resolved": "11.0.0-preview.6.26359.118",
        "contentHash": "AOZE/D7WFJ/mGHq1sOy8HL3yIIBx0T5iPupTHh/Xrc77NcK5F9lmryffZsBQTjPh5FFPoMXRoVswEOrWIUD61w=="
      },
      "Microsoft.NET.StringTools": {
        "type": "Transitive",
        "resolved": "17.11.4",
        "contentHash": "mudqUHhNpeqIdJoUx2YDWZO/I9uEDYVowan89R6wsomfnUJQk6HteoQTlNjZDixhT2B4IXMkMtgZtoceIjLRmA=="
      },
      "Riok.Mapperly": {
        "type": "Transitive",
        "resolved": "5.0.0-next.10",
        "contentHash": "bFtga7serPecDcuH/KpKGMKPLFjNeLMzKwecuYPIL4pLNU9vGeCEbJQ2CfvQwXqF3VtHcIy9eyWbkYdoupgnpA=="
      },
      "StronglyTypedId": {
        "type": "Transitive",
        "resolved": "1.0.0-beta08",
        "contentHash": "OH6JM8O+zhukeyOhtkh6Ya1Fj/bSvvR4wTCPeP3/R93hlV+oaTAmPn05yvuPCF3RwCRuA6FYAsleNEpQmwB1pw=="
      },
      "direct2dcad.ai.contracts": {
        "type": "Project"
      },
      "direct2dcad.changetracking": {
        "type": "Project",
        "dependencies": {
          "Direct2dCad.Db": "[1.0.0, )"
        }
      },
      "direct2dcad.commandline": {
        "type": "Project",
        "dependencies": {
          "Direct2dCad.Db": "[1.0.0, )",
          "Direct2dCad.Lang": "[1.0.0, )"
        }
      },
      "direct2dcad.commands": {
        "type": "Project",
        "dependencies": {
          "Direct2dCad.ChangeTracking": "[1.0.0, )",
          "Direct2dCad.Db": "[1.0.0, )"
        }
      },
      "direct2dcad.db": {
        "type": "Project",
        "dependencies": {
          "StronglyTypedId": "[1.0.0-beta08, )"
        }
      },
      "direct2dcad.editor": {
        "type": "Project",
        "dependencies": {
          "Direct2dCad.ChangeTracking": "[1.0.0, )",
          "Direct2dCad.Commands": "[1.0.0, )",
          "Direct2dCad.Db": "[1.0.0, )",
          "Direct2dCad.HitTesting": "[1.0.0, )",
          "Direct2dCad.Indexing": "[1.0.0, )",
          "Direct2dCad.Rendering": "[1.0.0, )",
          "Microsoft.Extensions.DependencyInjection.Abstractions": "[11.0.0-preview.6.26359.118, )"
        }
      },
      "direct2dcad.hittesting": {
        "type": "Project",
        "dependencies": {
          "Direct2dCad.Db": "[1.0.0, )"
        }
      },
      "direct2dcad.indexing": {
        "type": "Project",
        "dependencies": {
          "Direct2dCad.Db": "[1.0.0, )"
        }
      },
      "direct2dcad.io": {
        "type": "Project",
        "dependencies": {
          "Direct2dCad.Db": "[1.0.0, )",
          "MessagePack": "[3.1.8, )",
          "Riok.Mapperly": "[5.0.0-next.10, )"
        }
      },
      "direct2dcad.lang": {
        "type": "Project",
        "dependencies": {
          "Antelcat.I18N.SourceGenerators": "[2.0.0-preview-2, )"
        }
      },
      "direct2dcad.rendering": {
        "type": "Project",
        "dependencies": {
          "Direct2dCad.ChangeTracking": "[1.0.0, )",
          "Direct2dCad.Db": "[1.0.0, )",
          "Direct2dCad.Rendering.Handles": "[1.0.0, )",
          "Direct2dCad.Rendering.Transient": "[1.0.0, )"
        }
      },
      "direct2dcad.rendering.handles": {
        "type": "Project",
        "dependencies": {
          "Direct2dCad.Db": "[1.0.0, )"
        }
      },
      "direct2dcad.rendering.transient": {
        "type": "Project",
        "dependencies": {
          "Direct2dCad.Db": "[1.0.0, )"
        }
      }
    }
  }
}