{
  "version": 1,
  "dependencies": {
    "net10.0-windows7.0": {
      "BenchmarkDotNet": {
        "type": "Direct",
        "requested": "[0.15.8, )",
        "resolved": "0.15.8",
        "contentHash": "paCfrWxSeHqn3rUZc0spYXVFnHCF0nzRhG0nOLnyTjZYs8spsimBaaNmb3vwqvALKIplbYq/TF393vYiYSnh/Q==",
        "dependencies": {
          "BenchmarkDotNet.Annotations": "0.15.8",
          "CommandLineParser": "2.9.1",
          "Gee.External.Capstone": "2.3.0",
          "Iced": "1.21.0",
          "Microsoft.CodeAnalysis.CSharp": "4.14.0",
          "Microsoft.Diagnostics.Runtime": "3.1.512801",
          "Microsoft.Diagnostics.Tracing.TraceEvent": "3.1.21",
          "Microsoft.DotNet.PlatformAbstractions": "3.1.6",
          "Perfolizer": "[0.6.1]",
          "System.Management": "9.0.5"
        }
      },
      "BenchmarkDotNet.Annotations": {
        "type": "Transitive",
        "resolved": "0.15.8",
        "contentHash": "hfucY0ycAsB0SsoaZcaAp9oq5wlWBJcylvEJb9pmvdYUx6PD6S4mDiYnZWjdjAlLhIpe/xtGCwzORfzAzPqvzA=="
      },
      "CommandLineParser": {
        "type": "Transitive",
        "resolved": "2.9.1",
        "contentHash": "OE0sl1/sQ37bjVsPKKtwQlWDgqaxWgtme3xZz7JssWUzg5JpMIyHgCTY9MVMxOg48fJ1AgGT3tgdH5m/kQ5xhA=="
      },
      "Gee.External.Capstone": {
        "type": "Transitive",
        "resolved": "2.3.0",
        "contentHash": "2ap/rYmjtzCOT8hxrnEW/QeiOt+paD8iRrIcdKX0cxVwWLFa1e+JDBNeECakmccXrSFeBQuu5AV8SNkipFMMMw=="
      },
      "Iced": {
        "type": "Transitive",
        "resolved": "1.21.0",
        "contentHash": "dv5+81Q1TBQvVMSOOOmRcjJmvWcX3BZPZsIq31+RLc5cNft0IHAyNlkdb7ZarOWG913PyBoFDsDXoCIlKmLclg=="
      },
      "MessagePack": {
        "type": "Transitive",
        "resolved": "3.1.8",
        "contentHash": "Qk2q+9FVxnMSp+NQ9y3SLz3HqWe7Rg3KRMHhBX28FkKUoOeP9YIU86mA4pFOxDDjUIRA9e7Ssbxs/LwWUcAzPw==",
        "dependencies": {
          "MessagePack.Annotations": "3.1.8",
          "MessagePackAnalyzer": "3.1.8",
          "Microsoft.NET.StringTools": "17.11.4"
        }
      },
      "MessagePack.Annotations": {
        "type": "Transitive",
        "resolved": "3.1.8",
        "contentHash": "SitOtZ4tOlAZZPF7p52M7143F+Cuz7o/aU0MrtAXX0+ZkPXzDNroOFhzzE2ogMFThsoEW/E6akXVVcBFM9ZKaw=="
      },
      "MessagePackAnalyzer": {
        "type": "Transitive",
        "resolved": "3.1.8",
        "contentHash": "Vm4g0cR4YRKRchEOmMJ0uVFU6yxdg7cJa2KHv3SUAHEsdYKvMpHMF5A1hZfsix89ymD5cmuzRnw9a6dKMcvq+Q=="
      },
      "Microsoft.CodeAnalysis.Analyzers": {
        "type": "Transitive",
        "resolved": "3.11.0",
        "contentHash": "v/EW3UE8/lbEYHoC2Qq7AR/DnmvpgdtAMndfQNmpuIMx/Mto8L5JnuCfdBYtgvalQOtfNCnxFejxuRrryvUTsg=="
      },
      "Microsoft.CodeAnalysis.Common": {
        "type": "Transitive",
        "resolved": "4.14.0",
        "contentHash": "PC3tuwZYnC+idaPuoC/AZpEdwrtX7qFpmnrfQkgobGIWiYmGi5MCRtl5mx6QrfMGQpK78X2lfIEoZDLg/qnuHg==",
        "dependencies": {
          "Microsoft.CodeAnalysis.Analyzers": "3.11.0"
        }
      },
      "Microsoft.CodeAnalysis.CSharp": {
        "type": "Transitive",
        "resolved": "4.14.0",
        "contentHash": "568a6wcTivauIhbeWcCwfWwIn7UV7MeHEBvFB2uzGIpM2OhJ4eM/FZ8KS0yhPoNxnSpjGzz7x7CIjTxhslojQA==",
        "dependencies": {
          "Microsoft.CodeAnalysis.Analyzers": "3.11.0",
          "Microsoft.CodeAnalysis.Common": "[4.14.0]"
        }
      },
      "Microsoft.Diagnostics.NETCore.Client": {
        "type": "Transitive",
        "resolved": "0.2.510501",
        "contentHash": "juoqJYMDs+lRrrZyOkXXMImJHneCF23cuvO4waFRd2Ds7j+ZuGIPbJm0Y/zz34BdeaGiiwGWraMUlln05W1PCQ==",
        "dependencies": {
          "Microsoft.Extensions.Logging": "6.0.0"
        }
      },
      "Microsoft.Diagnostics.Runtime": {
        "type": "Transitive",
        "resolved": "3.1.512801",
        "contentHash": "0lMUDr2oxNZa28D6NH5BuSQEe5T9tZziIkvkD44YkkCGQXPJqvFjLq5ZQq1hYLl3RjQJrY+hR0jFgap+EWPDTw==",
        "dependencies": {
          "Microsoft.Diagnostics.NETCore.Client": "0.2.410101"
        }
      },
      "Microsoft.Diagnostics.Tracing.TraceEvent": {
        "type": "Transitive",
        "resolved": "3.1.21",
        "contentHash": "/OrJFKaojSR6TkUKtwh8/qA9XWNtxLrXMqvEb89dBSKCWjaGVTbKMYodIUgF5deCEtmd6GXuRerciXGl5bhZ7Q==",
        "dependencies": {
          "Microsoft.Diagnostics.NETCore.Client": "0.2.510501",
          "System.Reflection.TypeExtensions": "4.7.0"
        }
      },
      "Microsoft.DotNet.PlatformAbstractions": {
        "type": "Transitive",
        "resolved": "3.1.6",
        "contentHash": "jek4XYaQ/PGUwDKKhwR8K47Uh1189PFzMeLqO83mXrXQVIpARZCcfuDedH50YDTepBkfijCZN5U/vZi++erxtg=="
      },
      "Microsoft.Extensions.DependencyInjection": {
        "type": "Transitive",
        "resolved": "6.0.0",
        "contentHash": "k6PWQMuoBDGGHOQTtyois2u4AwyVcIwL2LaSLlTZQm2CYcJ1pxbt6jfAnpWmzENA/wfrYRI/X9DTLoUkE4AsLw==",
        "dependencies": {
          "Microsoft.Extensions.DependencyInjection.Abstractions": "6.0.0"
        }
      },
      "Microsoft.Extensions.DependencyInjection.Abstractions": {
        "type": "Transitive",
        "resolved": "11.0.0-preview.6.26359.118",
        "contentHash": "AOZE/D7WFJ/mGHq1sOy8HL3yIIBx0T5iPupTHh/Xrc77NcK5F9lmryffZsBQTjPh5FFPoMXRoVswEOrWIUD61w=="
      },
      "Microsoft.Extensions.Logging": {
        "type": "Transitive",
        "resolved": "6.0.0",
        "contentHash": "eIbyj40QDg1NDz0HBW0S5f3wrLVnKWnDJ/JtZ+yJDFnDj90VoPuoPmFkeaXrtu+0cKm5GRAwoDf+dBWXK0TUdg==",
        "dependencies": {
          "Microsoft.Extensions.DependencyInjection": "6.0.0",
          "Microsoft.Extensions.DependencyInjection.Abstractions": "6.0.0",
          "Microsoft.Extensions.Logging.Abstractions": "6.0.0",
          "Microsoft.Extensions.Options": "6.0.0"
        }
      },
      "Microsoft.Extensions.Logging.Abstractions": {
        "type": "Transitive",
        "resolved": "6.0.0",
        "contentHash": "/HggWBbTwy8TgebGSX5DBZ24ndhzi93sHUBDvP1IxbZD7FDokYzdAr6+vbWGjw2XAfR2EJ1sfKUotpjHnFWPxA=="
      },
      "Microsoft.Extensions.Options": {
        "type": "Transitive",
        "resolved": "6.0.0",
        "contentHash": "dzXN0+V1AyjOe2xcJ86Qbo233KHuLEY0njf/P2Kw8SfJU+d45HNS2ctJdnEnrWbM9Ye2eFgaC5Mj9otRMU6IsQ==",
        "dependencies": {
          "Microsoft.Extensions.DependencyInjection.Abstractions": "6.0.0",
          "Microsoft.Extensions.Primitives": "6.0.0"
        }
      },
      "Microsoft.Extensions.Primitives": {
        "type": "Transitive",
        "resolved": "6.0.0",
        "contentHash": "9+PnzmQFfEFNR9J2aDTfJGGupShHjOuGw4VUv+JB044biSHrnmCIMD+mJHmb2H7YryrfBEXDurxQ47gJZdCKNQ=="
      },
      "Microsoft.NET.StringTools": {
        "type": "Transitive",
        "resolved": "17.11.4",
        "contentHash": "mudqUHhNpeqIdJoUx2YDWZO/I9uEDYVowan89R6wsomfnUJQk6HteoQTlNjZDixhT2B4IXMkMtgZtoceIjLRmA=="
      },
      "Perfolizer": {
        "type": "Transitive",
        "resolved": "0.6.1",
        "contentHash": "CR1QmWg4XYBd1Pb7WseP+sDmV8nGPwvmowKynExTqr3OuckIGVMhvmN4LC5PGzfXqDlR295+hz/T7syA1CxEqA==",
        "dependencies": {
          "Pragmastat": "3.2.4"
        }
      },
      "Pragmastat": {
        "type": "Transitive",
        "resolved": "3.2.4",
        "contentHash": "I5qFifWw/gaTQT52MhzjZpkm/JPlfjSeO/DTZJjO7+hTKI+0aGRgOgZ3NN6D96dDuuqbIAZSeA5RimtHjqrA2A=="
      },
      "Riok.Mapperly": {
        "type": "Transitive",
        "resolved": "5.0.0-next.10",
        "contentHash": "bFtga7serPecDcuH/KpKGMKPLFjNeLMzKwecuYPIL4pLNU9vGeCEbJQ2CfvQwXqF3VtHcIy9eyWbkYdoupgnpA=="
      },
      "SharpGen.Runtime": {
        "type": "Transitive",
        "resolved": "2.4.2-beta",
        "contentHash": "niTtWAUov1F7wZGAlVeEvW+Tnqvg5yTmhI7rxmYu2Utoyu2TbC9tWWpUpMs0PQg5lu5svoYpCAztNjxCqMFP/w=="
      },
      "SharpGen.Runtime.COM": {
        "type": "Transitive",
        "resolved": "2.4.2-beta",
        "contentHash": "9lxDFMiepqo3lJQzMSjECCIONeCc2f3Drokgj6HtrTLZcJSftNgcLbD6/iXYj2iphkwgrZb1oLsDOZxoFZkawQ==",
        "dependencies": {
          "SharpGen.Runtime": "2.4.2-beta"
        }
      },
      "StronglyTypedId": {
        "type": "Transitive",
        "resolved": "1.0.0-beta08",
        "contentHash": "OH6JM8O+zhukeyOhtkh6Ya1Fj/bSvvR4wTCPeP3/R93hlV+oaTAmPn05yvuPCF3RwCRuA6FYAsleNEpQmwB1pw=="
      },
      "System.Management": {
        "type": "Transitive",
        "resolved": "9.0.5",
        "contentHash": "n6o9PZm9p25+zAzC3/48K0oHnaPKTInRrxqFq1fi/5TPbMLjuoCm/h//mS3cUmSy+9AO1Z+qsC/Ilt/ZFatv5Q=="
      },
      "System.Reflection.TypeExtensions": {
        "type": "Transitive",
        "resolved": "4.7.0",
        "contentHash": "VybpaOQQhqE6siHppMktjfGBw1GCwvCqiufqmP8F1nj7fTUNtW35LOEt3UZTEsECfo+ELAl/9o9nJx3U91i7vA=="
      },
      "Vortice.Direct2D1": {
        "type": "Transitive",
        "resolved": "3.8.3",
        "contentHash": "SDHEmNUT3A4P8yj+g7q3AnRZ9fvqOOe/EoWjsgkHlQ3C9Tkc51rTeZXC9bQPySli+/lFTui8vMs9tpWZqf+AwQ==",
        "dependencies": {
          "SharpGen.Runtime": "2.4.2-beta",
          "Vortice.DXGI": "3.8.3"
        }
      },
      "Vortice.Direct3D11": {
        "type": "Transitive",
        "resolved": "3.8.3",
        "contentHash": "JgFUswu2mgrSwcd0KRF2AnfeE5VbMEgcicmxPD1g2yXyomPIHbnX3wldBNHPOzzD0URC1WJ/pO1ymfi3imZwvg==",
        "dependencies": {
          "SharpGen.Runtime": "2.4.2-beta",
          "Vortice.DXGI": "3.8.3"
        }
      },
      "Vortice.Direct3D9": {
        "type": "Transitive",
        "resolved": "3.8.3",
        "contentHash": "QiSL2YqOaeJl4BW1H6WZUY8udoXhsCvVxnxuF4EnPiJcl4mQm6NdrJxvauue+MfcFxuiX/9dLCsbakvfCKOCNg==",
        "dependencies": {
          "SharpGen.Runtime": "2.4.2-beta",
          "SharpGen.Runtime.COM": "2.4.2-beta",
          "Vortice.Mathematics": "2.1.0"
        }
      },
      "Vortice.DirectX": {
        "type": "Transitive",
        "resolved": "3.8.3",
        "contentHash": "nKwSavv0w5rDF7prSefqAVPDcTyqrfZxKFMVfttiXPfm62VdA/1d+b3PhCZpW4xO7jXczXDwjQdWgD1zGsvM8w==",
        "dependencies": {
          "SharpGen.Runtime": "2.4.2-beta",
          "SharpGen.Runtime.COM": "2.4.2-beta",
          "Vortice.Mathematics": "2.1.0"
        }
      },
      "Vortice.DXGI": {
        "type": "Transitive",
        "resolved": "3.8.3",
        "contentHash": "MbAUnTeQ6WD99ctAdrj5CQO2I7oaax0Kt2eVdWSUj0bYP9Ed0726+s7dIHe4+tqhpmINW/dcPt0mNtc72o+E0w==",
        "dependencies": {
          "SharpGen.Runtime": "2.4.2-beta",
          "Vortice.DirectX": "3.8.3"
        }
      },
      "Vortice.Mathematics": {
        "type": "Transitive",
        "resolved": "2.1.0",
        "contentHash": "KK+SjNSuKdP+zbavekubi+vaeb1Jo4k87ZF6CMkVWjr6RjJwc8peVtmgzXXDIMy4ZC3ZISyk3llY3q65ISOkBQ=="
      },
      "direct2dcad.changetracking": {
        "type": "Project",
        "dependencies": {
          "Direct2dCad.Db": "[1.0.0, )"
        }
      },
      "direct2dcad.commands": {
        "type": "Project",
        "dependencies": {
          "Direct2dCad.ChangeTracking": "[1.0.0, )",
          "Direct2dCad.Db": "[1.0.0, )"
        }
      },
      "direct2dcad.db": {
        "type": "Project",
        "dependencies": {
          "StronglyTypedId": "[1.0.0-beta08, )"
        }
      },
      "direct2dcad.editor": {
        "type": "Project",
        "dependencies": {
          "Direct2dCad.ChangeTracking": "[1.0.0, )",
          "Direct2dCad.Commands": "[1.0.0, )",
          "Direct2dCad.Db": "[1.0.0, )",
          "Direct2dCad.HitTesting": "[1.0.0, )",
          "Direct2dCad.Indexing": "[1.0.0, )",
          "Direct2dCad.Rendering": "[1.0.0, )",
          "Microsoft.Extensions.DependencyInjection.Abstractions": "[11.0.0-preview.6.26359.118, )"
        }
      },
      "direct2dcad.hittesting": {
        "type": "Project",
        "dependencies": {
          "Direct2dCad.Db": "[1.0.0, )"
        }
      },
      "direct2dcad.indexing": {
        "type": "Project",
        "dependencies": {
          "Direct2dCad.Db": "[1.0.0, )"
        }
      },
      "direct2dcad.io": {
        "type": "Project",
        "dependencies": {
          "Direct2dCad.Db": "[1.0.0, )",
          "MessagePack": "[3.1.8, )",
          "Riok.Mapperly": "[5.0.0-next.10, )"
        }
      },
      "direct2dcad.rendering": {
        "type": "Project",
        "dependencies": {
          "Direct2dCad.ChangeTracking": "[1.0.0, )",
          "Direct2dCad.Db": "[1.0.0, )"
        }
      },
      "direct2dcad.rendering.direct2d": {
        "type": "Project",
        "dependencies": {
          "Direct2dCad.ChangeTracking": "[1.0.0, )",
          "Direct2dCad.Db": "[1.0.0, )",
          "Direct2dCad.Rendering": "[1.0.0, )",
          "Direct2dCad.Rendering.Handles": "[1.0.0, )",
          "Direct2dCad.Rendering.Transient": "[1.0.0, )",
          "Vortice.Direct2D1": "[3.8.3, )",
          "Vortice.Direct3D11": "[3.8.3, )",
          "Vortice.Direct3D9": "[3.8.3, )"
        }
      },
      "direct2dcad.rendering.handles": {
        "type": "Project",
        "dependencies": {
          "Direct2dCad.Db": "[1.0.0, )"
        }
      },
      "direct2dcad.rendering.transient": {
        "type": "Project",
        "dependencies": {
          "Direct2dCad.Db": "[1.0.0, )"
        }
      }
    }
  }
}