{
  "version": 1,
  "dependencies": {
    "net10.0-windows7.0": {
      "MaterialDesignThemes.MahApps": {
        "type": "Direct",
        "requested": "[5.3.3-ci1419, )",
        "resolved": "5.3.3-ci1419",
        "contentHash": "4b+xwcUZMON9QGiG5q+QsdgX6kTmiCVS5QvausnuJaSRatcEpdps4HiXPvo8wrVeZXQaIulqV1UEpxrPHHp64g==",
        "dependencies": {
          "MahApps.Metro": "2.4.11",
          "MaterialDesignColors": "5.3.3-ci1419",
          "MaterialDesignThemes": "5.3.3-ci1419",
          "Microsoft.Xaml.Behaviors.Wpf": "1.1.77"
        }
      },
      "Antelcat.I18N.SourceGenerators": {
        "type": "Transitive",
        "resolved": "2.0.0-preview-2",
        "contentHash": "xZo+iwketCNIjnDkPM1v1erAPBSMLMYn7ztr1VBjWLFGNdVTd3fYJ7rpuF5i5d0eYHr1ZOrIOay+qfkJrCKYPQ=="
      },
      "CommunityToolkit.Mvvm": {
        "type": "Transitive",
        "resolved": "8.4.2",
        "contentHash": "WadCzGEc2U+3e20avRLng4qNtt4zoOGWrdUISqJWrHe3/FSnrYjuM5Sb4yQb09LhkBXrrI4Zt3dLKgRMbItsrg=="
      },
      "ControlzEx": {
        "type": "Transitive",
        "resolved": "4.4.0",
        "contentHash": "pZ5z4hYWwE4R13UMCVs6vII//nL7hz+Nwn4oJlnsZJRGqJNy6Z9KnJiTZfly6lKFu0pMc1aWBZpx+VqFTQKP1Q==",
        "dependencies": {
          "Microsoft.Xaml.Behaviors.Wpf": "1.1.19"
        }
      },
      "Dirkster.AvalonDock.Core": {
        "type": "Transitive",
        "resolved": "5.0.0",
        "contentHash": "PlIMOCpzU89vawS3/6IeeQnfaHz0Jy4exi3w8pQlhmmERT6Cgt5XxA9TjX+PU8jWcBgvpPX6g0EZrSRuuFE9gw=="
      },
      "Dirkster.AvalonDock.Mvvm": {
        "type": "Transitive",
        "resolved": "5.0.0",
        "contentHash": "QGWPqe7jsO1sbRnBnL/3wqeyaHDMbk9Rt4aDoLZDtoepsecwaESMpesHPNjyN0imnxEY4631869dzgqeXcx/9g==",
        "dependencies": {
          "Dirkster.AvalonDock.Core": "5.0.0"
        }
      },
      "Dirkster.AvalonDock.Mvvm.CommunityToolkit": {
        "type": "Transitive",
        "resolved": "5.0.0",
        "contentHash": "1/wdRGzN2w82AV1C/M+lpl6oeGiyg1HPEMj30HaknVsEENbUAlAmQMYSssYu63GhYWw1JmIhoN3kPsDLEMvm/g==",
        "dependencies": {
          "CommunityToolkit.Mvvm": "8.4.0",
          "Dirkster.AvalonDock.Core": "5.0.0"
        }
      },
      "MahApps.Metro": {
        "type": "Transitive",
        "resolved": "2.4.11",
        "contentHash": "pvk757N/ViZy+zlbB56AakryuZkts328M6pX2mMn/Z7r5ifkScDrS300zSBjLd+eGOPeHgUjH4f7cZbRiMyvQg==",
        "dependencies": {
          "ControlzEx": "[4.4.0, 6.0.0)"
        }
      },
      "MaterialDesignColors": {
        "type": "Transitive",
        "resolved": "5.3.3-ci1419",
        "contentHash": "hsSNFq5tBIkrR3mdDgW5PAm4DyK26WejK4qogxePLucJCS59Os9bFWUcdxKKGdoBScCCE5HxgQfZ4YTTDZzBeQ=="
      },
      "MaterialDesignThemes": {
        "type": "Transitive",
        "resolved": "5.3.3-ci1419",
        "contentHash": "oehOOxTEfub8jDr2GHZZJp1wl9Vq37He/uyAZCcc8/HsQUGzGrUDwrbd8mi2sEqoRaCalsrz8M7PONZGx/FxfA==",
        "dependencies": {
          "MaterialDesignColors": "5.3.3-ci1419",
          "Microsoft.Xaml.Behaviors.Wpf": "1.1.77"
        }
      },
      "MessagePack": {
        "type": "Transitive",
        "resolved": "3.1.8",
        "contentHash": "Qk2q+9FVxnMSp+NQ9y3SLz3HqWe7Rg3KRMHhBX28FkKUoOeP9YIU86mA4pFOxDDjUIRA9e7Ssbxs/LwWUcAzPw==",
        "dependencies": {
          "MessagePack.Annotations": "3.1.8",
          "MessagePackAnalyzer": "3.1.8",
          "Microsoft.NET.StringTools": "17.11.4"
        }
      },
      "MessagePack.Annotations": {
        "type": "Transitive",
        "resolved": "3.1.8",
        "contentHash": "SitOtZ4tOlAZZPF7p52M7143F+Cuz7o/aU0MrtAXX0+ZkPXzDNroOFhzzE2ogMFThsoEW/E6akXVVcBFM9ZKaw=="
      },
      "MessagePackAnalyzer": {
        "type": "Transitive",
        "resolved": "3.1.8",
        "contentHash": "Vm4g0cR4YRKRchEOmMJ0uVFU6yxdg7cJa2KHv3SUAHEsdYKvMpHMF5A1hZfsix89ymD5cmuzRnw9a6dKMcvq+Q=="
      },
      "MessagePipe": {
        "type": "Transitive",
        "resolved": "1.8.2",
        "contentHash": "ZTQERiwXB0ev/3TWDsKmzXOkxQ1a0fwcTljghSRZQq2hLUJ16SNw/gcjEjvyeKOX90DPkbV2sSv86aGb+2ryxQ==",
        "dependencies": {
          "Microsoft.Extensions.DependencyInjection.Abstractions": "6.0.0"
        }
      },
      "Microsoft.Extensions.DependencyInjection.Abstractions": {
        "type": "Transitive",
        "resolved": "11.0.0-preview.6.26359.118",
        "contentHash": "AOZE/D7WFJ/mGHq1sOy8HL3yIIBx0T5iPupTHh/Xrc77NcK5F9lmryffZsBQTjPh5FFPoMXRoVswEOrWIUD61w=="
      },
      "Microsoft.NET.StringTools": {
        "type": "Transitive",
        "resolved": "17.11.4",
        "contentHash": "mudqUHhNpeqIdJoUx2YDWZO/I9uEDYVowan89R6wsomfnUJQk6HteoQTlNjZDixhT2B4IXMkMtgZtoceIjLRmA=="
      },
      "Microsoft.Xaml.Behaviors.Wpf": {
        "type": "Transitive",
        "resolved": "1.1.77",
        "contentHash": "MCu674ZETgU18EbxfwIlRpUPJ02YbZenLsMCXTkpeA7KUBpXfFaOUDlEO+7UWu5AFnUoydg+aQENJkuaZPheMQ=="
      },
      "Riok.Mapperly": {
        "type": "Transitive",
        "resolved": "5.0.0-next.10",
        "contentHash": "bFtga7serPecDcuH/KpKGMKPLFjNeLMzKwecuYPIL4pLNU9vGeCEbJQ2CfvQwXqF3VtHcIy9eyWbkYdoupgnpA=="
      },
      "StronglyTypedId": {
        "type": "Transitive",
        "resolved": "1.0.0-beta08",
        "contentHash": "OH6JM8O+zhukeyOhtkh6Ya1Fj/bSvvR4wTCPeP3/R93hlV+oaTAmPn05yvuPCF3RwCRuA6FYAsleNEpQmwB1pw=="
      },
      "direct2dcad.agent": {
        "type": "Project",
        "dependencies": {
          "Direct2dCad.AI.Contracts": "[1.0.0, )"
        }
      },
      "direct2dcad.agent.codex": {
        "type": "Project",
        "dependencies": {
          "Direct2dCad.AI.Contracts": "[1.0.0, )",
          "Direct2dCad.Agent": "[1.0.0, )"
        }
      },
      "direct2dcad.ai.contracts": {
        "type": "Project"
      },
      "direct2dcad.application": {
        "type": "Project",
        "dependencies": {
          "Direct2dCad.AI.Contracts": "[1.0.0, )",
          "Direct2dCad.CommandLine": "[1.0.0, )",
          "Direct2dCad.Editor": "[1.0.0, )",
          "Direct2dCad.IO": "[1.0.0, )",
          "Direct2dCad.Lang": "[1.0.0, )",
          "MessagePipe": "[1.8.2, )"
        }
      },
      "direct2dcad.changetracking": {
        "type": "Project",
        "dependencies": {
          "Direct2dCad.Db": "[1.0.0, )"
        }
      },
      "direct2dcad.client.common": {
        "type": "Project",
        "dependencies": {
          "Direct2dCad.Db": "[1.0.0, )",
          "Direct2dCad.Rendering": "[1.0.0, )"
        }
      },
      "direct2dcad.commandline": {
        "type": "Project",
        "dependencies": {
          "Direct2dCad.Db": "[1.0.0, )",
          "Direct2dCad.Lang": "[1.0.0, )"
        }
      },
      "direct2dcad.commands": {
        "type": "Project",
        "dependencies": {
          "Direct2dCad.ChangeTracking": "[1.0.0, )",
          "Direct2dCad.Db": "[1.0.0, )"
        }
      },
      "direct2dcad.db": {
        "type": "Project",
        "dependencies": {
          "StronglyTypedId": "[1.0.0-beta08, )"
        }
      },
      "direct2dcad.editor": {
        "type": "Project",
        "dependencies": {
          "Direct2dCad.ChangeTracking": "[1.0.0, )",
          "Direct2dCad.Commands": "[1.0.0, )",
          "Direct2dCad.Db": "[1.0.0, )",
          "Direct2dCad.HitTesting": "[1.0.0, )",
          "Direct2dCad.Indexing": "[1.0.0, )",
          "Direct2dCad.Rendering": "[1.0.0, )",
          "Microsoft.Extensions.DependencyInjection.Abstractions": "[11.0.0-preview.6.26359.118, )"
        }
      },
      "direct2dcad.hittesting": {
        "type": "Project",
        "dependencies": {
          "Direct2dCad.Db": "[1.0.0, )"
        }
      },
      "direct2dcad.indexing": {
        "type": "Project",
        "dependencies": {
          "Direct2dCad.Db": "[1.0.0, )"
        }
      },
      "direct2dcad.io": {
        "type": "Project",
        "dependencies": {
          "Direct2dCad.Db": "[1.0.0, )",
          "MessagePack": "[3.1.8, )",
          "Riok.Mapperly": "[5.0.0-next.10, )"
        }
      },
      "direct2dcad.lang": {
        "type": "Project",
        "dependencies": {
          "Antelcat.I18N.SourceGenerators": "[2.0.0-preview-2, )"
        }
      },
      "direct2dcad.rendering": {
        "type": "Project",
        "dependencies": {
          "Direct2dCad.ChangeTracking": "[1.0.0, )",
          "Direct2dCad.Db": "[1.0.0, )",
          "Direct2dCad.Rendering.Handles": "[1.0.0, )",
          "Direct2dCad.Rendering.Transient": "[1.0.0, )"
        }
      },
      "direct2dcad.rendering.handles": {
        "type": "Project",
        "dependencies": {
          "Direct2dCad.Db": "[1.0.0, )"
        }
      },
      "direct2dcad.rendering.transient": {
        "type": "Project",
        "dependencies": {
          "Direct2dCad.Db": "[1.0.0, )"
        }
      },
      "direct2dcad.viewmodels": {
        "type": "Project",
        "dependencies": {
          "CommunityToolkit.Mvvm": "[8.4.2, )",
          "Direct2dCad.AI.Contracts": "[1.0.0, )",
          "Direct2dCad.Agent": "[1.0.0, )",
          "Direct2dCad.Agent.Codex": "[1.0.0, )",
          "Direct2dCad.Application": "[1.0.0, )",
          "Direct2dCad.ChangeTracking": "[1.0.0, )",
          "Direct2dCad.Client.Common": "[1.0.0, )",
          "Direct2dCad.CommandLine": "[1.0.0, )",
          "Direct2dCad.Commands": "[1.0.0, )",
          "Direct2dCad.Editor": "[1.0.0, )",
          "Direct2dCad.IO": "[1.0.0, )",
          "Direct2dCad.Lang": "[1.0.0, )",
          "Direct2dCad.Rendering": "[1.0.0, )",
          "Direct2dCad.Rendering.Handles": "[1.0.0, )",
          "Direct2dCad.Rendering.Transient": "[1.0.0, )",
          "Direct2dCad.ViewModels.Abstractions": "[1.0.0, )",
          "Direct2dCad.ViewModels.Services": "[1.0.0, )",
          "Dirkster.AvalonDock.Core": "[5.0.0, )",
          "Dirkster.AvalonDock.Mvvm": "[5.0.0, )",
          "Dirkster.AvalonDock.Mvvm.CommunityToolkit": "[5.0.0, )",
          "MessagePipe": "[1.8.2, )",
          "Microsoft.Extensions.DependencyInjection.Abstractions": "[11.0.0-preview.6.26359.118, )"
        }
      },
      "direct2dcad.viewmodels.abstractions": {
        "type": "Project",
        "dependencies": {
          "Direct2dCad.Client.Common": "[1.0.0, )",
          "Direct2dCad.Lang": "[1.0.0, )"
        }
      },
      "direct2dcad.viewmodels.services": {
        "type": "Project",
        "dependencies": {
          "CommunityToolkit.Mvvm": "[8.4.2, )",
          "Direct2dCad.AI.Contracts": "[1.0.0, )",
          "Direct2dCad.Application": "[1.0.0, )",
          "Direct2dCad.ChangeTracking": "[1.0.0, )",
          "Direct2dCad.Client.Common": "[1.0.0, )",
          "Direct2dCad.Commands": "[1.0.0, )",
          "Direct2dCad.Db": "[1.0.0, )",
          "Direct2dCad.Editor": "[1.0.0, )",
          "Direct2dCad.IO": "[1.0.0, )",
          "Direct2dCad.Rendering": "[1.0.0, )",
          "Direct2dCad.Rendering.Handles": "[1.0.0, )",
          "Direct2dCad.Rendering.Transient": "[1.0.0, )",
          "Direct2dCad.ViewModels.Abstractions": "[1.0.0, )",
          "MessagePipe": "[1.8.2, )"
        }
      }
    }
  }
}