{
  "version": 1,
  "dependencies": {
    "net10.0": {
      "CommunityToolkit.Mvvm": {
        "type": "Direct",
        "requested": "[8.4.2, )",
        "resolved": "8.4.2",
        "contentHash": "WadCzGEc2U+3e20avRLng4qNtt4zoOGWrdUISqJWrHe3/FSnrYjuM5Sb4yQb09LhkBXrrI4Zt3dLKgRMbItsrg=="
      },
      "Dirkster.AvalonDock.Core": {
        "type": "Direct",
        "requested": "[5.0.0, )",
        "resolved": "5.0.0",
        "contentHash": "PlIMOCpzU89vawS3/6IeeQnfaHz0Jy4exi3w8pQlhmmERT6Cgt5XxA9TjX+PU8jWcBgvpPX6g0EZrSRuuFE9gw=="
      },
      "Dirkster.AvalonDock.Mvvm": {
        "type": "Direct",
        "requested": "[5.0.0, )",
        "resolved": "5.0.0",
        "contentHash": "QGWPqe7jsO1sbRnBnL/3wqeyaHDMbk9Rt4aDoLZDtoepsecwaESMpesHPNjyN0imnxEY4631869dzgqeXcx/9g==",
        "dependencies": {
          "Dirkster.AvalonDock.Core": "5.0.0"
        }
      },
      "Dirkster.AvalonDock.Mvvm.CommunityToolkit": {
        "type": "Direct",
        "requested": "[5.0.0, )",
        "resolved": "5.0.0",
        "contentHash": "1/wdRGzN2w82AV1C/M+lpl6oeGiyg1HPEMj30HaknVsEENbUAlAmQMYSssYu63GhYWw1JmIhoN3kPsDLEMvm/g==",
        "dependencies": {
          "CommunityToolkit.Mvvm": "8.4.0",
          "Dirkster.AvalonDock.Core": "5.0.0"
        }
      },
      "MessagePipe": {
        "type": "Direct",
        "requested": "[1.8.2, )",
        "resolved": "1.8.2",
        "contentHash": "ZTQERiwXB0ev/3TWDsKmzXOkxQ1a0fwcTljghSRZQq2hLUJ16SNw/gcjEjvyeKOX90DPkbV2sSv86aGb+2ryxQ==",
        "dependencies": {
          "Microsoft.Extensions.DependencyInjection.Abstractions": "6.0.0"
        }
      },
      "Microsoft.Extensions.DependencyInjection.Abstractions": {
        "type": "Direct",
        "requested": "[11.0.0-preview.6.26359.118, )",
        "resolved": "11.0.0-preview.6.26359.118",
        "contentHash": "AOZE/D7WFJ/mGHq1sOy8HL3yIIBx0T5iPupTHh/Xrc77NcK5F9lmryffZsBQTjPh5FFPoMXRoVswEOrWIUD61w=="
      },
      "Antelcat.I18N.SourceGenerators": {
        "type": "Transitive",
        "resolved": "2.0.0-preview-2",
        "contentHash": "xZo+iwketCNIjnDkPM1v1erAPBSMLMYn7ztr1VBjWLFGNdVTd3fYJ7rpuF5i5d0eYHr1ZOrIOay+qfkJrCKYPQ=="
      },
      "MessagePack": {
        "type": "Transitive",
        "resolved": "3.1.8",
        "contentHash": "Qk2q+9FVxnMSp+NQ9y3SLz3HqWe7Rg3KRMHhBX28FkKUoOeP9YIU86mA4pFOxDDjUIRA9e7Ssbxs/LwWUcAzPw==",
        "dependencies": {
          "MessagePack.Annotations": "3.1.8",
          "MessagePackAnalyzer": "3.1.8",
          "Microsoft.NET.StringTools": "17.11.4"
        }
      },
      "MessagePack.Annotations": {
        "type": "Transitive",
        "resolved": "3.1.8",
        "contentHash": "SitOtZ4tOlAZZPF7p52M7143F+Cuz7o/aU0MrtAXX0+ZkPXzDNroOFhzzE2ogMFThsoEW/E6akXVVcBFM9ZKaw=="
      },
      "MessagePackAnalyzer": {
        "type": "Transitive",
        "resolved": "3.1.8",
        "contentHash": "Vm4g0cR4YRKRchEOmMJ0uVFU6yxdg7cJa2KHv3SUAHEsdYKvMpHMF5A1hZfsix89ymD5cmuzRnw9a6dKMcvq+Q=="
      },
      "Microsoft.NET.StringTools": {
        "type": "Transitive",
        "resolved": "17.11.4",
        "contentHash": "mudqUHhNpeqIdJoUx2YDWZO/I9uEDYVowan89R6wsomfnUJQk6HteoQTlNjZDixhT2B4IXMkMtgZtoceIjLRmA=="
      },
      "Riok.Mapperly": {
        "type": "Transitive",
        "resolved": "5.0.0-next.10",
        "contentHash": "bFtga7serPecDcuH/KpKGMKPLFjNeLMzKwecuYPIL4pLNU9vGeCEbJQ2CfvQwXqF3VtHcIy9eyWbkYdoupgnpA=="
      },
      "SharpGen.Runtime": {
        "type": "Transitive",
        "resolved": "2.4.2-beta",
        "contentHash": "niTtWAUov1F7wZGAlVeEvW+Tnqvg5yTmhI7rxmYu2Utoyu2TbC9tWWpUpMs0PQg5lu5svoYpCAztNjxCqMFP/w=="
      },
      "SharpGen.Runtime.COM": {
        "type": "Transitive",
        "resolved": "2.4.2-beta",
        "contentHash": "9lxDFMiepqo3lJQzMSjECCIONeCc2f3Drokgj6HtrTLZcJSftNgcLbD6/iXYj2iphkwgrZb1oLsDOZxoFZkawQ==",
        "dependencies": {
          "SharpGen.Runtime": "2.4.2-beta"
        }
      },
      "StronglyTypedId": {
        "type": "Transitive",
        "resolved": "1.0.0-beta08",
        "contentHash": "OH6JM8O+zhukeyOhtkh6Ya1Fj/bSvvR4wTCPeP3/R93hlV+oaTAmPn05yvuPCF3RwCRuA6FYAsleNEpQmwB1pw=="
      },
      "Vortice.Direct2D1": {
        "type": "Transitive",
        "resolved": "3.8.3",
        "contentHash": "SDHEmNUT3A4P8yj+g7q3AnRZ9fvqOOe/EoWjsgkHlQ3C9Tkc51rTeZXC9bQPySli+/lFTui8vMs9tpWZqf+AwQ==",
        "dependencies": {
          "SharpGen.Runtime": "2.4.2-beta",
          "Vortice.DXGI": "3.8.3"
        }
      },
      "Vortice.Direct3D11": {
        "type": "Transitive",
        "resolved": "3.8.3",
        "contentHash": "JgFUswu2mgrSwcd0KRF2AnfeE5VbMEgcicmxPD1g2yXyomPIHbnX3wldBNHPOzzD0URC1WJ/pO1ymfi3imZwvg==",
        "dependencies": {
          "SharpGen.Runtime": "2.4.2-beta",
          "Vortice.DXGI": "3.8.3"
        }
      },
      "Vortice.Direct3D9": {
        "type": "Transitive",
        "resolved": "3.8.3",
        "contentHash": "QiSL2YqOaeJl4BW1H6WZUY8udoXhsCvVxnxuF4EnPiJcl4mQm6NdrJxvauue+MfcFxuiX/9dLCsbakvfCKOCNg==",
        "dependencies": {
          "SharpGen.Runtime": "2.4.2-beta",
          "SharpGen.Runtime.COM": "2.4.2-beta",
          "Vortice.Mathematics": "2.1.0"
        }
      },
      "Vortice.DirectX": {
        "type": "Transitive",
        "resolved": "3.8.3",
        "contentHash": "nKwSavv0w5rDF7prSefqAVPDcTyqrfZxKFMVfttiXPfm62VdA/1d+b3PhCZpW4xO7jXczXDwjQdWgD1zGsvM8w==",
        "dependencies": {
          "SharpGen.Runtime": "2.4.2-beta",
          "SharpGen.Runtime.COM": "2.4.2-beta",
          "Vortice.Mathematics": "2.1.0"
        }
      },
      "Vortice.DXGI": {
        "type": "Transitive",
        "resolved": "3.8.3",
        "contentHash": "MbAUnTeQ6WD99ctAdrj5CQO2I7oaax0Kt2eVdWSUj0bYP9Ed0726+s7dIHe4+tqhpmINW/dcPt0mNtc72o+E0w==",
        "dependencies": {
          "SharpGen.Runtime": "2.4.2-beta",
          "Vortice.DirectX": "3.8.3"
        }
      },
      "Vortice.Mathematics": {
        "type": "Transitive",
        "resolved": "2.1.0",
        "contentHash": "KK+SjNSuKdP+zbavekubi+vaeb1Jo4k87ZF6CMkVWjr6RjJwc8peVtmgzXXDIMy4ZC3ZISyk3llY3q65ISOkBQ=="
      },
      "direct2dcad.agent": {
        "type": "Project",
        "dependencies": {
          "Direct2dCad.AI.Contracts": "[1.0.0, )"
        }
      },
      "direct2dcad.agent.codex": {
        "type": "Project",
        "dependencies": {
          "Direct2dCad.AI.Contracts": "[1.0.0, )",
          "Direct2dCad.Agent": "[1.0.0, )"
        }
      },
      "direct2dcad.ai.contracts": {
        "type": "Project"
      },
      "direct2dcad.changetracking": {
        "type": "Project",
        "dependencies": {
          "Direct2dCad.Db": "[1.0.0, )"
        }
      },
      "direct2dcad.client.common": {
        "type": "Project",
        "dependencies": {
          "Direct2dCad.Db": "[1.0.0, )",
          "Direct2dCad.Rendering": "[1.0.0, )"
        }
      },
      "direct2dcad.commandline": {
        "type": "Project",
        "dependencies": {
          "Direct2dCad.Db": "[1.0.0, )",
          "Direct2dCad.Lang": "[1.0.0, )"
        }
      },
      "direct2dcad.commands": {
        "type": "Project",
        "dependencies": {
          "Direct2dCad.ChangeTracking": "[1.0.0, )",
          "Direct2dCad.Db": "[1.0.0, )"
        }
      },
      "direct2dcad.db": {
        "type": "Project",
        "dependencies": {
          "StronglyTypedId": "[1.0.0-beta08, )"
        }
      },
      "direct2dcad.editor": {
        "type": "Project",
        "dependencies": {
          "Direct2dCad.ChangeTracking": "[1.0.0, )",
          "Direct2dCad.Commands": "[1.0.0, )",
          "Direct2dCad.Db": "[1.0.0, )",
          "Direct2dCad.HitTesting": "[1.0.0, )",
          "Direct2dCad.Indexing": "[1.0.0, )",
          "Direct2dCad.Rendering": "[1.0.0, )",
          "Microsoft.Extensions.DependencyInjection.Abstractions": "[11.0.0-preview.6.26359.118, )"
        }
      },
      "direct2dcad.hittesting": {
        "type": "Project",
        "dependencies": {
          "Direct2dCad.Db": "[1.0.0, )"
        }
      },
      "direct2dcad.indexing": {
        "type": "Project",
        "dependencies": {
          "Direct2dCad.Db": "[1.0.0, )"
        }
      },
      "direct2dcad.io": {
        "type": "Project",
        "dependencies": {
          "Direct2dCad.Db": "[1.0.0, )",
          "MessagePack": "[3.1.8, )",
          "Riok.Mapperly": "[5.0.0-next.10, )"
        }
      },
      "direct2dcad.lang": {
        "type": "Project",
        "dependencies": {
          "Antelcat.I18N.SourceGenerators": "[2.0.0-preview-2, )"
        }
      },
      "direct2dcad.rendering": {
        "type": "Project",
        "dependencies": {
          "Direct2dCad.ChangeTracking": "[1.0.0, )",
          "Direct2dCad.Db": "[1.0.0, )"
        }
      },
      "direct2dcad.rendering.direct2d": {
        "type": "Project",
        "dependencies": {
          "Direct2dCad.ChangeTracking": "[1.0.0, )",
          "Direct2dCad.Db": "[1.0.0, )",
          "Direct2dCad.Rendering": "[1.0.0, )",
          "Direct2dCad.Rendering.Handles": "[1.0.0, )",
          "Direct2dCad.Rendering.Transient": "[1.0.0, )",
          "Vortice.Direct2D1": "[3.8.3, )",
          "Vortice.Direct3D11": "[3.8.3, )",
          "Vortice.Direct3D9": "[3.8.3, )"
        }
      },
      "direct2dcad.rendering.handles": {
        "type": "Project",
        "dependencies": {
          "Direct2dCad.Db": "[1.0.0, )"
        }
      },
      "direct2dcad.rendering.transient": {
        "type": "Project",
        "dependencies": {
          "Direct2dCad.Db": "[1.0.0, )"
        }
      },
      "direct2dcad.viewmodels.abstractions": {
        "type": "Project",
        "dependencies": {
          "Direct2dCad.Client.Common": "[1.0.0, )",
          "Direct2dCad.Lang": "[1.0.0, )"
        }
      },
      "direct2dcad.viewmodels.services": {
        "type": "Project",
        "dependencies": {
          "CommunityToolkit.Mvvm": "[8.4.2, )",
          "Direct2dCad.AI.Contracts": "[1.0.0, )",
          "Direct2dCad.ChangeTracking": "[1.0.0, )",
          "Direct2dCad.Client.Common": "[1.0.0, )",
          "Direct2dCad.Commands": "[1.0.0, )",
          "Direct2dCad.Db": "[1.0.0, )",
          "Direct2dCad.Editor": "[1.0.0, )",
          "Direct2dCad.IO": "[1.0.0, )",
          "Direct2dCad.Rendering": "[1.0.0, )",
          "Direct2dCad.Rendering.Direct2D": "[1.0.0, )",
          "Direct2dCad.Rendering.Handles": "[1.0.0, )",
          "Direct2dCad.Rendering.Transient": "[1.0.0, )",
          "Direct2dCad.ViewModels.Abstractions": "[1.0.0, )",
          "MessagePipe": "[1.8.2, )"
        }
      }
    }
  }
}