{
  "version": 1,
  "dependencies": {
    "net10.0-windows7.0": {
      "FlaUI.Core": {
        "type": "Direct",
        "requested": "[5.0.0, )",
        "resolved": "5.0.0",
        "contentHash": "VWWYqwjsYkii2BrUsz5+bpXEp27NherKhLt19hTxHwJP4KrfyZoeo1FdBov4ZTh655wZAKDGIjR7NJLDesuzeg==",
        "dependencies": {
          "System.Management": "8.0.0"
        }
      },
      "FlaUI.UIA3": {
        "type": "Direct",
        "requested": "[5.0.0, )",
        "resolved": "5.0.0",
        "contentHash": "s1Yy1RsRJ0OXvmtxQlNJd0cu4sfvN3PFFu6skBGK8VlwPl/b38E0V5kCbo2gvkuhRIu4Itfxjdo7DUMF7qJw4Q==",
        "dependencies": {
          "FlaUI.Core": "5.0.0",
          "Interop.UIAutomationClient": "10.19041.0"
        }
      },
      "Microsoft.NET.Test.Sdk": {
        "type": "Direct",
        "requested": "[17.14.1, )",
        "resolved": "17.14.1",
        "contentHash": "HJKqKOE+vshXra2aEHpi2TlxYX7Z9VFYkr+E5rwEvHC8eIXiyO+K9kNm8vmNom3e2rA56WqxU+/N9NJlLGXsJQ==",
        "dependencies": {
          "Microsoft.CodeCoverage": "17.14.1",
          "Microsoft.TestPlatform.TestHost": "17.14.1"
        }
      },
      "xunit": {
        "type": "Direct",
        "requested": "[2.9.3, )",
        "resolved": "2.9.3",
        "contentHash": "TlXQBinK35LpOPKHAqbLY4xlEen9TBafjs0V5KnA4wZsoQLQJiirCR4CbIXvOH8NzkW4YeJKP5P/Bnrodm0h9Q==",
        "dependencies": {
          "xunit.analyzers": "1.18.0",
          "xunit.assert": "2.9.3",
          "xunit.core": "[2.9.3]"
        }
      },
      "xunit.runner.visualstudio": {
        "type": "Direct",
        "requested": "[3.1.4, )",
        "resolved": "3.1.4",
        "contentHash": "5mj99LvCqrq3CNi06xYdyIAXOEh+5b33F2nErCzI5zWiDdLHXiPXEWFSUAF8zlIv0ZWqjZNCwHTQeAPYbF3pCg=="
      },
      "Antelcat.I18N.SourceGenerators": {
        "type": "Transitive",
        "resolved": "2.0.0-preview-2",
        "contentHash": "xZo+iwketCNIjnDkPM1v1erAPBSMLMYn7ztr1VBjWLFGNdVTd3fYJ7rpuF5i5d0eYHr1ZOrIOay+qfkJrCKYPQ=="
      },
      "CommunityToolkit.Mvvm": {
        "type": "Transitive",
        "resolved": "8.4.2",
        "contentHash": "WadCzGEc2U+3e20avRLng4qNtt4zoOGWrdUISqJWrHe3/FSnrYjuM5Sb4yQb09LhkBXrrI4Zt3dLKgRMbItsrg=="
      },
      "Interop.UIAutomationClient": {
        "type": "Transitive",
        "resolved": "10.19041.0",
        "contentHash": "Me5vKNZ1JSg6txTsPQXaWx7fVNh+fmcUPPwtDKJtqvbMM0N8aoa/l/QPolkJIRnasCabCNt4v2zG4p1Q9HU98A=="
      },
      "MessagePack": {
        "type": "Transitive",
        "resolved": "3.1.8",
        "contentHash": "Qk2q+9FVxnMSp+NQ9y3SLz3HqWe7Rg3KRMHhBX28FkKUoOeP9YIU86mA4pFOxDDjUIRA9e7Ssbxs/LwWUcAzPw==",
        "dependencies": {
          "MessagePack.Annotations": "3.1.8",
          "MessagePackAnalyzer": "3.1.8",
          "Microsoft.NET.StringTools": "17.11.4"
        }
      },
      "MessagePack.Annotations": {
        "type": "Transitive",
        "resolved": "3.1.8",
        "contentHash": "SitOtZ4tOlAZZPF7p52M7143F+Cuz7o/aU0MrtAXX0+ZkPXzDNroOFhzzE2ogMFThsoEW/E6akXVVcBFM9ZKaw=="
      },
      "MessagePackAnalyzer": {
        "type": "Transitive",
        "resolved": "3.1.8",
        "contentHash": "Vm4g0cR4YRKRchEOmMJ0uVFU6yxdg7cJa2KHv3SUAHEsdYKvMpHMF5A1hZfsix89ymD5cmuzRnw9a6dKMcvq+Q=="
      },
      "MessagePipe": {
        "type": "Transitive",
        "resolved": "1.8.2",
        "contentHash": "ZTQERiwXB0ev/3TWDsKmzXOkxQ1a0fwcTljghSRZQq2hLUJ16SNw/gcjEjvyeKOX90DPkbV2sSv86aGb+2ryxQ==",
        "dependencies": {
          "Microsoft.Extensions.DependencyInjection.Abstractions": "6.0.0"
        }
      },
      "Microsoft.CodeCoverage": {
        "type": "Transitive",
        "resolved": "17.14.1",
        "contentHash": "pmTrhfFIoplzFVbhVwUquT+77CbGH+h4/3mBpdmIlYtBi9nAB+kKI6dN3A/nV4DFi3wLLx/BlHIPK+MkbQ6Tpg=="
      },
      "Microsoft.Extensions.DependencyInjection.Abstractions": {
        "type": "Transitive",
        "resolved": "11.0.0-preview.6.26359.118",
        "contentHash": "AOZE/D7WFJ/mGHq1sOy8HL3yIIBx0T5iPupTHh/Xrc77NcK5F9lmryffZsBQTjPh5FFPoMXRoVswEOrWIUD61w=="
      },
      "Microsoft.NET.StringTools": {
        "type": "Transitive",
        "resolved": "17.11.4",
        "contentHash": "mudqUHhNpeqIdJoUx2YDWZO/I9uEDYVowan89R6wsomfnUJQk6HteoQTlNjZDixhT2B4IXMkMtgZtoceIjLRmA=="
      },
      "Microsoft.TestPlatform.ObjectModel": {
        "type": "Transitive",
        "resolved": "17.14.1",
        "contentHash": "xTP1W6Mi6SWmuxd3a+jj9G9UoC850WGwZUps1Wah9r1ZxgXhdJfj1QqDLJkFjHDCvN42qDL2Ps5KjQYWUU0zcQ=="
      },
      "Microsoft.TestPlatform.TestHost": {
        "type": "Transitive",
        "resolved": "17.14.1",
        "contentHash": "d78LPzGKkJwsJXAQwsbJJ7LE7D1wB+rAyhHHAaODF+RDSQ0NgMjDFkSA1Djw18VrxO76GlKAjRUhl+H8NL8Z+Q==",
        "dependencies": {
          "Microsoft.TestPlatform.ObjectModel": "17.14.1",
          "Newtonsoft.Json": "13.0.3"
        }
      },
      "Newtonsoft.Json": {
        "type": "Transitive",
        "resolved": "13.0.3",
        "contentHash": "HrC5BXdl00IP9zeV+0Z848QWPAoCr9P3bDEZguI+gkLcBKAOxix/tLEAAHC+UvDNPv4a2d18lOReHMOagPa+zQ=="
      },
      "Riok.Mapperly": {
        "type": "Transitive",
        "resolved": "5.0.0-next.10",
        "contentHash": "bFtga7serPecDcuH/KpKGMKPLFjNeLMzKwecuYPIL4pLNU9vGeCEbJQ2CfvQwXqF3VtHcIy9eyWbkYdoupgnpA=="
      },
      "SharpGen.Runtime": {
        "type": "Transitive",
        "resolved": "2.4.2-beta",
        "contentHash": "niTtWAUov1F7wZGAlVeEvW+Tnqvg5yTmhI7rxmYu2Utoyu2TbC9tWWpUpMs0PQg5lu5svoYpCAztNjxCqMFP/w=="
      },
      "SharpGen.Runtime.COM": {
        "type": "Transitive",
        "resolved": "2.4.2-beta",
        "contentHash": "9lxDFMiepqo3lJQzMSjECCIONeCc2f3Drokgj6HtrTLZcJSftNgcLbD6/iXYj2iphkwgrZb1oLsDOZxoFZkawQ==",
        "dependencies": {
          "SharpGen.Runtime": "2.4.2-beta"
        }
      },
      "StronglyTypedId": {
        "type": "Transitive",
        "resolved": "1.0.0-beta08",
        "contentHash": "OH6JM8O+zhukeyOhtkh6Ya1Fj/bSvvR4wTCPeP3/R93hlV+oaTAmPn05yvuPCF3RwCRuA6FYAsleNEpQmwB1pw=="
      },
      "System.Management": {
        "type": "Transitive",
        "resolved": "8.0.0",
        "contentHash": "jrK22i5LRzxZCfGb+tGmke2VH7oE0DvcDlJ1HAKYU8cPmD8XnpUT0bYn2Gy98GEhGjtfbR/sxKTVb+dE770pfA=="
      },
      "Vortice.Direct2D1": {
        "type": "Transitive",
        "resolved": "3.8.3",
        "contentHash": "SDHEmNUT3A4P8yj+g7q3AnRZ9fvqOOe/EoWjsgkHlQ3C9Tkc51rTeZXC9bQPySli+/lFTui8vMs9tpWZqf+AwQ==",
        "dependencies": {
          "SharpGen.Runtime": "2.4.2-beta",
          "Vortice.DXGI": "3.8.3"
        }
      },
      "Vortice.Direct3D11": {
        "type": "Transitive",
        "resolved": "3.8.3",
        "contentHash": "JgFUswu2mgrSwcd0KRF2AnfeE5VbMEgcicmxPD1g2yXyomPIHbnX3wldBNHPOzzD0URC1WJ/pO1ymfi3imZwvg==",
        "dependencies": {
          "SharpGen.Runtime": "2.4.2-beta",
          "Vortice.DXGI": "3.8.3"
        }
      },
      "Vortice.Direct3D9": {
        "type": "Transitive",
        "resolved": "3.8.3",
        "contentHash": "QiSL2YqOaeJl4BW1H6WZUY8udoXhsCvVxnxuF4EnPiJcl4mQm6NdrJxvauue+MfcFxuiX/9dLCsbakvfCKOCNg==",
        "dependencies": {
          "SharpGen.Runtime": "2.4.2-beta",
          "SharpGen.Runtime.COM": "2.4.2-beta",
          "Vortice.Mathematics": "2.1.0"
        }
      },
      "Vortice.DirectX": {
        "type": "Transitive",
        "resolved": "3.8.3",
        "contentHash": "nKwSavv0w5rDF7prSefqAVPDcTyqrfZxKFMVfttiXPfm62VdA/1d+b3PhCZpW4xO7jXczXDwjQdWgD1zGsvM8w==",
        "dependencies": {
          "SharpGen.Runtime": "2.4.2-beta",
          "SharpGen.Runtime.COM": "2.4.2-beta",
          "Vortice.Mathematics": "2.1.0"
        }
      },
      "Vortice.DXGI": {
        "type": "Transitive",
        "resolved": "3.8.3",
        "contentHash": "MbAUnTeQ6WD99ctAdrj5CQO2I7oaax0Kt2eVdWSUj0bYP9Ed0726+s7dIHe4+tqhpmINW/dcPt0mNtc72o+E0w==",
        "dependencies": {
          "SharpGen.Runtime": "2.4.2-beta",
          "Vortice.DirectX": "3.8.3"
        }
      },
      "Vortice.Mathematics": {
        "type": "Transitive",
        "resolved": "2.1.0",
        "contentHash": "KK+SjNSuKdP+zbavekubi+vaeb1Jo4k87ZF6CMkVWjr6RjJwc8peVtmgzXXDIMy4ZC3ZISyk3llY3q65ISOkBQ=="
      },
      "xunit.abstractions": {
        "type": "Transitive",
        "resolved": "2.0.3",
        "contentHash": "pot1I4YOxlWjIb5jmwvvQNbTrZ3lJQ+jUGkGjWE3hEFM0l5gOnBWS+H3qsex68s5cO52g+44vpGzhAt+42vwKg=="
      },
      "xunit.analyzers": {
        "type": "Transitive",
        "resolved": "1.18.0",
        "contentHash": "OtFMHN8yqIcYP9wcVIgJrq01AfTxijjAqVDy/WeQVSyrDC1RzBWeQPztL49DN2syXRah8TYnfvk035s7L95EZQ=="
      },
      "xunit.assert": {
        "type": "Transitive",
        "resolved": "2.9.3",
        "contentHash": "/Kq28fCE7MjOV42YLVRAJzRF0WmEqsmflm0cfpMjGtzQ2lR5mYVj1/i0Y8uDAOLczkL3/jArrwehfMD0YogMAA=="
      },
      "xunit.core": {
        "type": "Transitive",
        "resolved": "2.9.3",
        "contentHash": "BiAEvqGvyme19wE0wTKdADH+NloYqikiU0mcnmiNyXaF9HyHmE6sr/3DC5vnBkgsWaE6yPyWszKSPSApWdRVeQ==",
        "dependencies": {
          "xunit.extensibility.core": "[2.9.3]",
          "xunit.extensibility.execution": "[2.9.3]"
        }
      },
      "xunit.extensibility.core": {
        "type": "Transitive",
        "resolved": "2.9.3",
        "contentHash": "kf3si0YTn2a8J8eZNb+zFpwfoyvIrQ7ivNk5ZYA5yuYk1bEtMe4DxJ2CF/qsRgmEnDr7MnW1mxylBaHTZ4qErA==",
        "dependencies": {
          "xunit.abstractions": "2.0.3"
        }
      },
      "xunit.extensibility.execution": {
        "type": "Transitive",
        "resolved": "2.9.3",
        "contentHash": "yMb6vMESlSrE3Wfj7V6cjQ3S4TXdXpRqYeNEI3zsX31uTsGMJjEw6oD5F5u1cHnMptjhEECnmZSsPxB6ChZHDQ==",
        "dependencies": {
          "xunit.extensibility.core": "[2.9.3]"
        }
      },
      "direct2dcad.ai.contracts": {
        "type": "Project"
      },
      "direct2dcad.changetracking": {
        "type": "Project",
        "dependencies": {
          "Direct2dCad.Db": "[1.0.0, )"
        }
      },
      "direct2dcad.client.common": {
        "type": "Project",
        "dependencies": {
          "Direct2dCad.Db": "[1.0.0, )",
          "Direct2dCad.Rendering": "[1.0.0, )"
        }
      },
      "direct2dcad.commands": {
        "type": "Project",
        "dependencies": {
          "Direct2dCad.ChangeTracking": "[1.0.0, )",
          "Direct2dCad.Db": "[1.0.0, )"
        }
      },
      "direct2dcad.db": {
        "type": "Project",
        "dependencies": {
          "StronglyTypedId": "[1.0.0-beta08, )"
        }
      },
      "direct2dcad.editor": {
        "type": "Project",
        "dependencies": {
          "Direct2dCad.ChangeTracking": "[1.0.0, )",
          "Direct2dCad.Commands": "[1.0.0, )",
          "Direct2dCad.Db": "[1.0.0, )",
          "Direct2dCad.HitTesting": "[1.0.0, )",
          "Direct2dCad.Indexing": "[1.0.0, )",
          "Direct2dCad.Rendering": "[1.0.0, )",
          "Microsoft.Extensions.DependencyInjection.Abstractions": "[11.0.0-preview.6.26359.118, )"
        }
      },
      "direct2dcad.hittesting": {
        "type": "Project",
        "dependencies": {
          "Direct2dCad.Db": "[1.0.0, )"
        }
      },
      "direct2dcad.indexing": {
        "type": "Project",
        "dependencies": {
          "Direct2dCad.Db": "[1.0.0, )"
        }
      },
      "direct2dcad.io": {
        "type": "Project",
        "dependencies": {
          "Direct2dCad.Db": "[1.0.0, )",
          "MessagePack": "[3.1.8, )",
          "Riok.Mapperly": "[5.0.0-next.10, )"
        }
      },
      "direct2dcad.lang": {
        "type": "Project",
        "dependencies": {
          "Antelcat.I18N.SourceGenerators": "[2.0.0-preview-2, )"
        }
      },
      "direct2dcad.rendering": {
        "type": "Project",
        "dependencies": {
          "Direct2dCad.ChangeTracking": "[1.0.0, )",
          "Direct2dCad.Db": "[1.0.0, )"
        }
      },
      "direct2dcad.rendering.direct2d": {
        "type": "Project",
        "dependencies": {
          "Direct2dCad.ChangeTracking": "[1.0.0, )",
          "Direct2dCad.Db": "[1.0.0, )",
          "Direct2dCad.Rendering": "[1.0.0, )",
          "Direct2dCad.Rendering.Handles": "[1.0.0, )",
          "Direct2dCad.Rendering.Transient": "[1.0.0, )",
          "Vortice.Direct2D1": "[3.8.3, )",
          "Vortice.Direct3D11": "[3.8.3, )",
          "Vortice.Direct3D9": "[3.8.3, )"
        }
      },
      "direct2dcad.rendering.handles": {
        "type": "Project",
        "dependencies": {
          "Direct2dCad.Db": "[1.0.0, )"
        }
      },
      "direct2dcad.rendering.transient": {
        "type": "Project",
        "dependencies": {
          "Direct2dCad.Db": "[1.0.0, )"
        }
      },
      "direct2dcad.viewmodels.abstractions": {
        "type": "Project",
        "dependencies": {
          "Direct2dCad.Client.Common": "[1.0.0, )",
          "Direct2dCad.Lang": "[1.0.0, )"
        }
      },
      "direct2dcad.viewmodels.services": {
        "type": "Project",
        "dependencies": {
          "CommunityToolkit.Mvvm": "[8.4.2, )",
          "Direct2dCad.AI.Contracts": "[1.0.0, )",
          "Direct2dCad.ChangeTracking": "[1.0.0, )",
          "Direct2dCad.Client.Common": "[1.0.0, )",
          "Direct2dCad.Commands": "[1.0.0, )",
          "Direct2dCad.Db": "[1.0.0, )",
          "Direct2dCad.Editor": "[1.0.0, )",
          "Direct2dCad.IO": "[1.0.0, )",
          "Direct2dCad.Rendering": "[1.0.0, )",
          "Direct2dCad.Rendering.Direct2D": "[1.0.0, )",
          "Direct2dCad.Rendering.Handles": "[1.0.0, )",
          "Direct2dCad.Rendering.Transient": "[1.0.0, )",
          "Direct2dCad.ViewModels.Abstractions": "[1.0.0, )",
          "MessagePipe": "[1.8.2, )"
        }
      }
    }
  }
}